Microsoft Visual Studio Solution File, Format Version 12.00
# Visual Studio Version 17
VisualStudioVersion = 17.5.2.0
MinimumVisualStudioVersion = 10.0.40219.1
Project("{2150E333-8FDC-42A3-9474-1A3956D46DE8}") = "daily questions", "daily questions", "{08638E36-4466-5E23-197F-A9CC1276C360}"
EndProject
Project("{FAE04EC0-301F-11D3-BF4B-00C04F79EFBC}") = "FancyString", "daily questions\FancyString\FancyString.csproj", "{918C9FFD-EA38-C046-538D-8A040BD398DC}"
EndProject
Global
	GlobalSection(SolutionConfigurationPlatforms) = preSolution
		Debug|Any CPU = Debug|Any CPU
		Release|Any CPU = Release|Any CPU
	EndGlobalSection
	GlobalSection(ProjectConfigurationPlatforms) = postSolution
		{918C9FFD-EA38-C046-538D-8A040BD398DC}.Debug|Any CPU.ActiveCfg = Debug|Any CPU
		{918C9FFD-EA38-C046-538D-8A040BD398DC}.Debug|Any CPU.Build.0 = Debug|Any CPU
		{918C9FFD-EA38-C046-538D-8A040BD398DC}.Release|Any CPU.ActiveCfg = Release|Any CPU
		{918C9FFD-EA38-C046-538D-8A040BD398DC}.Release|Any CPU.Build.0 = Release|Any CPU
	EndGlobalSection
	GlobalSection(SolutionProperties) = preSolution
		HideSolutionNode = FALSE
	EndGlobalSection
	GlobalSection(NestedProjects) = preSolution
		{918C9FFD-EA38-C046-538D-8A040BD398DC} = {08638E36-4466-5E23-197F-A9CC1276C360}
	EndGlobalSection
	GlobalSection(ExtensibilityGlobals) = postSolution
		SolutionGuid = {EDA662F8-33DE-44EB-9A0B-A38879137392}
	EndGlobalSection
EndGlobal
